
Microsoft Visual Studio Solution File, Format Version 12.00
# Visual Studio Version 16
VisualStudioVersion = 16.0.31911.196
MinimumVisualStudioVersion = 10.0.40219.1
Project("{FAE04EC0-301F-11D3-BF4B-00C04F79EFBC}") = "project.Server", "project\Server\project.Server.csproj", "{B0394FC4-4761-4D1C-AD41-7029278046C5}"
EndProject
Project("{FAE04EC0-301F-11D3-BF4B-00C04F79EFBC}") = "project.Client", "project\Client\project.Client.csproj", "{FB29B0E5-B46F-4BE4-B3A8-CAB32977E546}"
EndProject
Project("{FAE04EC0-301F-11D3-BF4B-00C04F79EFBC}") = "project.Shared", "project\Shared\project.Shared.csproj", "{81A5DEE6-429E-413D-8FA5-691404FD3355}"
EndProject
Global
	GlobalSection(SolutionConfigurationPlatforms) = preSolution
		Debug|Any CPU = Debug|Any CPU
		Release|Any CPU = Release|Any CPU
	EndGlobalSection
	GlobalSection(ProjectConfigurationPlatforms) = postSolution
		{B0394FC4-4761-4D1C-AD41-7029278046C5}.Debug|Any CPU.ActiveCfg = Debug|Any CPU
		{B0394FC4-4761-4D1C-AD41-7029278046C5}.Debug|Any CPU.Build.0 = Debug|Any CPU
		{B0394FC4-4761-4D1C-AD41-7029278046C5}.Release|Any CPU.ActiveCfg = Release|Any CPU
		{B0394FC4-4761-4D1C-AD41-7029278046C5}.Release|Any CPU.Build.0 = Release|Any CPU
		{FB29B0E5-B46F-4BE4-B3A8-CAB32977E546}.Debug|Any CPU.ActiveCfg = Debug|Any CPU
		{FB29B0E5-B46F-4BE4-B3A8-CAB32977E546}.Debug|Any CPU.Build.0 = Debug|Any CPU
		{FB29B0E5-B46F-4BE4-B3A8-CAB32977E546}.Release|Any CPU.ActiveCfg = Release|Any CPU
		{FB29B0E5-B46F-4BE4-B3A8-CAB32977E546}.Release|Any CPU.Build.0 = Release|Any CPU
		{81A5DEE6-429E-413D-8FA5-691404FD3355}.Debug|Any CPU.ActiveCfg = Debug|Any CPU
		{81A5DEE6-429E-413D-8FA5-691404FD3355}.Debug|Any CPU.Build.0 = Debug|Any CPU
		{81A5DEE6-429E-413D-8FA5-691404FD3355}.Release|Any CPU.ActiveCfg = Release|Any CPU
		{81A5DEE6-429E-413D-8FA5-691404FD3355}.Release|Any CPU.Build.0 = Release|Any CPU
	EndGlobalSection
	GlobalSection(SolutionProperties) = preSolution
		HideSolutionNode = FALSE
	EndGlobalSection
	GlobalSection(ExtensibilityGlobals) = postSolution
		SolutionGuid = {FE0EDFA8-C68C-4289-8750-2310A1493415}
	EndGlobalSection
EndGlobal
